<?xml version="1.0" encoding="utf-8"?>
<Project ToolsVersion="4.0" xmlns="http://schemas.microsoft.com/developer/msbuild/2003">
  <ItemGroup>
    <Filter Include="Generated Files">
      <UniqueIdentifier>{71ED8ED8-ACB9-4CE9-BBE1-E00B30144E11}</UniqueIdentifier>
      <Extensions>cpp;c;cxx;moc;h;def;odl;idl;res;</Extensions>
    </Filter>
    <Filter Include="Generated Files">
      <UniqueIdentifier>{71ED8ED8-ACB9-4CE9-BBE1-E00B30144E11}</UniqueIdentifier>
      <Extensions>cpp;c;cxx;moc;h;def;odl;idl;res;</Extensions>
    </Filter>
    <Filter Include="Header Files">
      <UniqueIdentifier>{93995380-89BD-4b04-88EB-625FBE52EBFB}</UniqueIdentifier>
      <Extensions>h;hpp;hxx;hm;inl;inc;xsd</Extensions>
    </Filter>
    <Filter Include="Header Files">
      <UniqueIdentifier>{93995380-89BD-4b04-88EB-625FBE52EBFB}</UniqueIdentifier>
      <Extensions>h;hpp;hxx;hm;inl;inc;xsd</Extensions>
    </Filter>
    <Filter Include="Source Files">
      <UniqueIdentifier>{4FC737F1-C7A5-4376-A066-2A32D752A2FF}</UniqueIdentifier>
      <Extensions>cpp;c;cxx;def;odl;idl;hpj;bat;asm;asmx</Extensions>
    </Filter>
    <Filter Include="Source Files">
      <UniqueIdentifier>{4FC737F1-C7A5-4376-A066-2A32D752A2FF}</UniqueIdentifier>
      <Extensions>cpp;c;cxx;def;odl;idl;hpj;bat;asm;asmx</Extensions>
    </Filter>
    <Filter Include="Generated Files\Debug">
      <UniqueIdentifier>{9e8e5f26-5ffe-4bb5-a2d0-67c19304f4b0}</UniqueIdentifier>
      <Extensions>cpp;moc</Extensions>
      <SourceControlFiles>False</SourceControlFiles>
    </Filter>
    <Filter Include="Generated Files\Release">
      <UniqueIdentifier>{00590551-f8d6-47b8-846d-22e537247d9d}</UniqueIdentifier>
      <Extensions>cpp;moc</Extensions>
      <SourceControlFiles>False</SourceControlFiles>
    </Filter>
    <Filter Include="Resource Files">
      <UniqueIdentifier>{D9D6E242-F8AF-46E4-B9FD-80ECBC20BA3E}</UniqueIdentifier>
      <Extensions>qrc;*</Extensions>
      <ParseFiles>false</ParseFiles>
    </Filter>
  </ItemGroup>
  <ItemGroup>
    <ClCompile Include="main.cpp">
      <Filter>Source Files</Filter>
    </ClCompile>
    <ClCompile Include="mainwindow.cpp">
      <Filter>Source Files</Filter>
    </ClCompile>
    <ClCompile Include="GeneratedFiles\Debug\moc_mainwindow.cpp">
      <Filter>Generated Files\Debug</Filter>
    </ClCompile>
    <ClCompile Include="GeneratedFiles\Release\moc_mainwindow.cpp">
      <Filter>Generated Files\Release</Filter>
    </ClCompile>
    <ClCompile Include="GeneratedFiles\Debug\moc_APlanThread.cpp">
      <Filter>Generated Files\Debug</Filter>
    </ClCompile>
    <ClCompile Include="GeneratedFiles\Release\moc_APlanThread.cpp">
      <Filter>Generated Files\Release</Filter>
    </ClCompile>
    <ClCompile Include="GeneratedFiles\Debug\moc_ComMapThread.cpp">
      <Filter>Generated Files\Debug</Filter>
    </ClCompile>
    <ClCompile Include="GeneratedFiles\Release\moc_ComMapThread.cpp">
      <Filter>Generated Files\Release</Filter>
    </ClCompile>
    <ClCompile Include="GeneratedFiles\Debug\moc_DataConvertThread.cpp">
      <Filter>Generated Files\Debug</Filter>
    </ClCompile>
    <ClCompile Include="GeneratedFiles\Release\moc_DataConvertThread.cpp">
      <Filter>Generated Files\Release</Filter>
    </ClCompile>
    <ClCompile Include="GeneratedFiles\Debug\moc_imageeditor.cpp">
      <Filter>Generated Files\Debug</Filter>
    </ClCompile>
    <ClCompile Include="GeneratedFiles\Release\moc_imageeditor.cpp">
      <Filter>Generated Files\Release</Filter>
    </ClCompile>
    <ClCompile Include="GeneratedFiles\Debug\moc_imageviewer.cpp">
      <Filter>Generated Files\Debug</Filter>
    </ClCompile>
    <ClCompile Include="GeneratedFiles\Release\moc_imageviewer.cpp">
      <Filter>Generated Files\Release</Filter>
    </ClCompile>
    <ClCompile Include="GeneratedFiles\Debug\moc_paraminput.cpp">
      <Filter>Generated Files\Debug</Filter>
    </ClCompile>
    <ClCompile Include="GeneratedFiles\Release\moc_paraminput.cpp">
      <Filter>Generated Files\Release</Filter>
    </ClCompile>
    <ClCompile Include="GeneratedFiles\Debug\moc_ProgressBarShow.cpp">
      <Filter>Generated Files\Debug</Filter>
    </ClCompile>
    <ClCompile Include="GeneratedFiles\Release\moc_ProgressBarShow.cpp">
      <Filter>Generated Files\Release</Filter>
    </ClCompile>
    <ClCompile Include="GeneratedFiles\Debug\moc_WholePlanThread.cpp">
      <Filter>Generated Files\Debug</Filter>
    </ClCompile>
    <ClCompile Include="GeneratedFiles\Release\moc_WholePlanThread.cpp">
      <Filter>Generated Files\Release</Filter>
    </ClCompile>
    <ClCompile Include="APlanning.cpp">
      <Filter>Source Files</Filter>
    </ClCompile>
    <ClCompile Include="APlanThread.cpp">
      <Filter>Source Files</Filter>
    </ClCompile>
    <ClCompile Include="CDibBitMap.cpp">
      <Filter>Source Files</Filter>
    </ClCompile>
    <ClCompile Include="ComMapThread.cpp">
      <Filter>Source Files</Filter>
    </ClCompile>
    <ClCompile Include="Coordinates2MapConverter.cpp">
      <Filter>Source Files</Filter>
    </ClCompile>
    <ClCompile Include="CoordinatesFileParse.cpp">
      <Filter>Source Files</Filter>
    </ClCompile>
    <ClCompile Include="CreateComMap.cpp">
      <Filter>Source Files</Filter>
    </ClCompile>
    <ClCompile Include="DataConvertThread.cpp">
      <Filter>Source Files</Filter>
    </ClCompile>
    <ClCompile Include="DataConvertVersion2.cpp">
      <Filter>Source Files</Filter>
    </ClCompile>
    <ClCompile Include="DataStruct.cpp">
      <Filter>Source Files</Filter>
    </ClCompile>
    <ClCompile Include="GL_GolbalPlan.cpp">
      <Filter>Source Files</Filter>
    </ClCompile>
    <ClCompile Include="imagebuf.cpp">
      <Filter>Source Files</Filter>
    </ClCompile>
    <ClCompile Include="imageeditor.cpp">
      <Filter>Source Files</Filter>
    </ClCompile>
    <ClCompile Include="imageviewer.cpp">
      <Filter>Source Files</Filter>
    </ClCompile>
    <ClCompile Include="paraminput.cpp">
      <Filter>Source Files</Filter>
    </ClCompile>
    <ClCompile Include="ProgressBarShow.cpp">
      <Filter>Source Files</Filter>
    </ClCompile>
    <ClCompile Include="ReadMapFileOperation.cpp">
      <Filter>Source Files</Filter>
    </ClCompile>
    <ClCompile Include="ShortAllocate.cpp">
      <Filter>Source Files</Filter>
    </ClCompile>
    <ClCompile Include="StandardizeConstraint.cpp">
      <Filter>Source Files</Filter>
    </ClCompile>
    <ClCompile Include="WholePlanThread.cpp">
      <Filter>Source Files</Filter>
    </ClCompile>
    <ClCompile Include="WriteComMapFile.cpp">
      <Filter>Source Files</Filter>
    </ClCompile>
    <ClCompile Include="WriteMapFileOperation.cpp">
      <Filter>Source Files</Filter>
    </ClCompile>
    <ClCompile Include="XmlParse.cpp">
      <Filter>Source Files</Filter>
    </ClCompile>
    <ClCompile Include="GeneratedFiles\qrc_Resources.cpp">
      <Filter>Generated Files</Filter>
    </ClCompile>
  </ItemGroup>
  <ItemGroup>
    <CustomBuild Include="mainwindow.h">
      <Filter>Header Files</Filter>
    </CustomBuild>
    <CustomBuild Include="APlanThread.h">
      <Filter>Header Files</Filter>
    </CustomBuild>
    <CustomBuild Include="ComMapThread.h">
      <Filter>Header Files</Filter>
    </CustomBuild>
    <CustomBuild Include="DataConvertThread.h">
      <Filter>Header Files</Filter>
    </CustomBuild>
    <CustomBuild Include="imageeditor.h">
      <Filter>Header Files</Filter>
    </CustomBuild>
    <CustomBuild Include="imageviewer.h">
      <Filter>Header Files</Filter>
    </CustomBuild>
    <CustomBuild Include="paraminput.h">
      <Filter>Header Files</Filter>
    </CustomBuild>
    <CustomBuild Include="ProgressBarShow.h">
      <Filter>Header Files</Filter>
    </CustomBuild>
    <CustomBuild Include="WholePlanThread.h">
      <Filter>Header Files</Filter>
    </CustomBuild>
    <CustomBuild Include="Resources.qrc">
      <Filter>Resource Files</Filter>
    </CustomBuild>
  </ItemGroup>
  <ItemGroup>
    <ClInclude Include="APlanning.h">
      <Filter>Header Files</Filter>
    </ClInclude>
    <ClInclude Include="CDibBitMap.h">
      <Filter>Header Files</Filter>
    </ClInclude>
    <ClInclude Include="Coordinates2MapConverter.h">
      <Filter>Header Files</Filter>
    </ClInclude>
    <ClInclude Include="CoordinatesFileParse.h">
      <Filter>Header Files</Filter>
    </ClInclude>
    <ClInclude Include="CreateComMap.h">
      <Filter>Header Files</Filter>
    </ClInclude>
    <ClInclude Include="DataConvertVersion2.h">
      <Filter>Header Files</Filter>
    </ClInclude>
    <ClInclude Include="DataStruct.h">
      <Filter>Header Files</Filter>
    </ClInclude>
    <ClInclude Include="fileHeaders.h">
      <Filter>Header Files</Filter>
    </ClInclude>
    <ClInclude Include="GL_GolbalPlan.h">
      <Filter>Header Files</Filter>
    </ClInclude>
    <ClInclude Include="imagebuf.h">
      <Filter>Header Files</Filter>
    </ClInclude>
    <ClInclude Include="ReadMapFileOperation.h">
      <Filter>Header Files</Filter>
    </ClInclude>
    <ClInclude Include="StandardizeConstraint.h">
      <Filter>Header Files</Filter>
    </ClInclude>
    <ClInclude Include="ShortAllocate.h">
      <Filter>Header Files</Filter>
    </ClInclude>
    <ClInclude Include="WriteComMapFile.h">
      <Filter>Header Files</Filter>
    </ClInclude>
    <ClInclude Include="WriteMapFileOperation.h">
      <Filter>Header Files</Filter>
    </ClInclude>
    <ClInclude Include="XmlParse.h">
      <Filter>Header Files</Filter>
    </ClInclude>
  </ItemGroup>
  <ItemGroup>
    <None Include="Resources\baseastar.png">
      <Filter>Resource Files</Filter>
    </None>
    <None Include="Resources\commap.png">
      <Filter>Resource Files</Filter>
    </None>
    <None Include="Resources\confile.png">
      <Filter>Resource Files</Filter>
    </None>
    <None Include="Resources\display.png">
      <Filter>Resource Files</Filter>
    </None>
    <None Include="Resources\guidastar.png">
      <Filter>Resource Files</Filter>
    </None>
    <None Include="Resources\guidpoint.png">
      <Filter>Resource Files</Filter>
    </None>
    <None Include="Resources\orgtomap.png">
      <Filter>Resource Files</Filter>
    </None>
    <None Include="Resources\system.png">
      <Filter>Resource Files</Filter>
    </None>
    <None Include="Resources\openmap.png">
      <Filter>Resource Files</Filter>
    </None>
    <None Include="Resources\quit.png">
      <Filter>Resource Files</Filter>
    </None>
    <None Include="Resources\closepoj.png">
      <Filter>Resource Files</Filter>
    </None>
  </ItemGroup>
</Project>